
Microsoft Visual Studio Solution File, Format Version 12.00
# Visual Studio 2013
VisualStudioVersion = 12.0.40629.0
MinimumVisualStudioVersion = 10.0.40219.1
Project("{FAE04EC0-301F-11D3-BF4B-00C04F79EFBC}") = "cartola.ui", "cartola\cartola.ui.csproj", "{577D8F53-04B5-4FA6-B0B5-25DAD78A9D52}"
EndProject
Project("{FAE04EC0-301F-11D3-BF4B-00C04F79EFBC}") = "cartola.bs", "cartola.bs\cartola.bs.csproj", "{E0D24917-58FA-45EA-AD17-2363B4A51A49}"
EndProject
Project("{FAE04EC0-301F-11D3-BF4B-00C04F79EFBC}") = "cartola.entity", "cartola.entity\cartola.entity.csproj", "{2820D6DD-C1D2-4353-BC94-573B42C8B540}"
EndProject
Global
	GlobalSection(SolutionConfigurationPlatforms) = preSolution
		Debug|Any CPU = Debug|Any CPU
		Release|Any CPU = Release|Any CPU
	EndGlobalSection
	GlobalSection(ProjectConfigurationPlatforms) = postSolution
		{577D8F53-04B5-4FA6-B0B5-25DAD78A9D52}.Debug|Any CPU.ActiveCfg = Release|Any CPU
		{577D8F53-04B5-4FA6-B0B5-25DAD78A9D52}.Debug|Any CPU.Build.0 = Release|Any CPU
		{577D8F53-04B5-4FA6-B0B5-25DAD78A9D52}.Release|Any CPU.ActiveCfg = Release|Any CPU
		{577D8F53-04B5-4FA6-B0B5-25DAD78A9D52}.Release|Any CPU.Build.0 = Release|Any CPU
		{E0D24917-58FA-45EA-AD17-2363B4A51A49}.Debug|Any CPU.ActiveCfg = Release|Any CPU
		{E0D24917-58FA-45EA-AD17-2363B4A51A49}.Debug|Any CPU.Build.0 = Release|Any CPU
		{E0D24917-58FA-45EA-AD17-2363B4A51A49}.Release|Any CPU.ActiveCfg = Release|Any CPU
		{E0D24917-58FA-45EA-AD17-2363B4A51A49}.Release|Any CPU.Build.0 = Release|Any CPU
		{2820D6DD-C1D2-4353-BC94-573B42C8B540}.Debug|Any CPU.ActiveCfg = Release|Any CPU
		{2820D6DD-C1D2-4353-BC94-573B42C8B540}.Debug|Any CPU.Build.0 = Release|Any CPU
		{2820D6DD-C1D2-4353-BC94-573B42C8B540}.Release|Any CPU.ActiveCfg = Release|Any CPU
		{2820D6DD-C1D2-4353-BC94-573B42C8B540}.Release|Any CPU.Build.0 = Release|Any CPU
	EndGlobalSection
	GlobalSection(SolutionProperties) = preSolution
		HideSolutionNode = FALSE
	EndGlobalSection
EndGlobal
